
Microsoft Visual Studio Solution File, Format Version 12.00
# Visual Studio 15
VisualStudioVersion = 15.0.27703.2018
MinimumVisualStudioVersion = 10.0.40219.1
Project("{FAE04EC0-301F-11D3-BF4B-00C04F79EFBC}") = "ShopifyWebAPI", "ShopifyWebAPI\ShopifyWebAPI.csproj", "{4E06E017-E8AE-4D92-A4C0-050950BE6AB5}"
EndProject
Global
	GlobalSection(SolutionConfigurationPlatforms) = preSolution
		Debug|Any CPU = Debug|Any CPU
		Release|Any CPU = Release|Any CPU
	EndGlobalSection
	GlobalSection(ProjectConfigurationPlatforms) = postSolution
		{4E06E017-E8AE-4D92-A4C0-050950BE6AB5}.Debug|Any CPU.ActiveCfg = Debug|Any CPU
		{4E06E017-E8AE-4D92-A4C0-050950BE6AB5}.Debug|Any CPU.Build.0 = Debug|Any CPU
		{4E06E017-E8AE-4D92-A4C0-050950BE6AB5}.Release|Any CPU.ActiveCfg = Release|Any CPU
		{4E06E017-E8AE-4D92-A4C0-050950BE6AB5}.Release|Any CPU.Build.0 = Release|Any CPU
	EndGlobalSection
	GlobalSection(SolutionProperties) = preSolution
		HideSolutionNode = FALSE
	EndGlobalSection
	GlobalSection(ExtensibilityGlobals) = postSolution
		SolutionGuid = {849B3EE1-A25E-4542-B2E1-C4303114F874}
	EndGlobalSection
EndGlobal
